
Microsoft Visual Studio Solution File, Format Version 12.00
# Visual Studio Version 17
VisualStudioVersion = 17.1.32319.34
MinimumVisualStudioVersion = 10.0.40219.1
Project("{9A19103F-16F7-4668-BE54-9A1E7A4F7556}") = "GC_CircleObjects", "GC_CircleObjects\GC_CircleObjects.csproj", "{1D1E6343-9E4E-44FD-8267-A7617EFC363B}"
EndProject
Global
	GlobalSection(SolutionConfigurationPlatforms) = preSolution
		Debug|Any CPU = Debug|Any CPU
		Release|Any CPU = Release|Any CPU
	EndGlobalSection
	GlobalSection(ProjectConfigurationPlatforms) = postSolution
		{1D1E6343-9E4E-44FD-8267-A7617EFC363B}.Debug|Any CPU.ActiveCfg = Debug|Any CPU
		{1D1E6343-9E4E-44FD-8267-A7617EFC363B}.Debug|Any CPU.Build.0 = Debug|Any CPU
		{1D1E6343-9E4E-44FD-8267-A7617EFC363B}.Release|Any CPU.ActiveCfg = Release|Any CPU
		{1D1E6343-9E4E-44FD-8267-A7617EFC363B}.Release|Any CPU.Build.0 = Release|Any CPU
	EndGlobalSection
	GlobalSection(SolutionProperties) = preSolution
		HideSolutionNode = FALSE
	EndGlobalSection
	GlobalSection(ExtensibilityGlobals) = postSolution
		SolutionGuid = {38327755-D139-4B77-9F5E-19559E214C14}
	EndGlobalSection
EndGlobal
